
Microsoft Visual Studio Solution File, Format Version 12.00
# Visual Studio Version 17
VisualStudioVersion = 17.7.34202.233
MinimumVisualStudioVersion = 10.0.40219.1
Project("{FAE04EC0-301F-11D3-BF4B-00C04F79EFBC}") = "ecommerceJu.Server", "ecommerceJu\Server\ecommerceJu.Server.csproj", "{C54C4E8F-34DE-4A22-9A3E-F2BE574A0604}"
EndProject
Project("{FAE04EC0-301F-11D3-BF4B-00C04F79EFBC}") = "ecommerceJu.Client", "ecommerceJu\Client\ecommerceJu.Client.csproj", "{47AA2425-4F8E-4B65-9104-80DDA801815E}"
EndProject
Project("{FAE04EC0-301F-11D3-BF4B-00C04F79EFBC}") = "ecommerceJu.Shared", "ecommerceJu\Shared\ecommerceJu.Shared.csproj", "{8CEF6248-6864-4D65-B1B6-C293D41C9642}"
EndProject
Global
	GlobalSection(SolutionConfigurationPlatforms) = preSolution
		Debug|Any CPU = Debug|Any CPU
		Release|Any CPU = Release|Any CPU
	EndGlobalSection
	GlobalSection(ProjectConfigurationPlatforms) = postSolution
		{C54C4E8F-34DE-4A22-9A3E-F2BE574A0604}.Debug|Any CPU.ActiveCfg = Debug|Any CPU
		{C54C4E8F-34DE-4A22-9A3E-F2BE574A0604}.Debug|Any CPU.Build.0 = Debug|Any CPU
		{C54C4E8F-34DE-4A22-9A3E-F2BE574A0604}.Release|Any CPU.ActiveCfg = Release|Any CPU
		{C54C4E8F-34DE-4A22-9A3E-F2BE574A0604}.Release|Any CPU.Build.0 = Release|Any CPU
		{47AA2425-4F8E-4B65-9104-80DDA801815E}.Debug|Any CPU.ActiveCfg = Debug|Any CPU
		{47AA2425-4F8E-4B65-9104-80DDA801815E}.Debug|Any CPU.Build.0 = Debug|Any CPU
		{47AA2425-4F8E-4B65-9104-80DDA801815E}.Release|Any CPU.ActiveCfg = Release|Any CPU
		{47AA2425-4F8E-4B65-9104-80DDA801815E}.Release|Any CPU.Build.0 = Release|Any CPU
		{8CEF6248-6864-4D65-B1B6-C293D41C9642}.Debug|Any CPU.ActiveCfg = Debug|Any CPU
		{8CEF6248-6864-4D65-B1B6-C293D41C9642}.Debug|Any CPU.Build.0 = Debug|Any CPU
		{8CEF6248-6864-4D65-B1B6-C293D41C9642}.Release|Any CPU.ActiveCfg = Release|Any CPU
		{8CEF6248-6864-4D65-B1B6-C293D41C9642}.Release|Any CPU.Build.0 = Release|Any CPU
	EndGlobalSection
	GlobalSection(SolutionProperties) = preSolution
		HideSolutionNode = FALSE
	EndGlobalSection
	GlobalSection(ExtensibilityGlobals) = postSolution
		SolutionGuid = {164F3B33-F7D7-447F-B951-2171561D4B71}
	EndGlobalSection
EndGlobal
